9fans.net/go v0.0.2 h1:RYM6lWITV8oADrwLfdzxmt8ucfW6UtP9v1jg4qAbqts=
9fans.net/go v0.0.2/go.mod h1:lfPdxjq9v8pVQXUMBCx5EO5oLXWQFlKRQgs1kEkjoIM=
github.com/Plan9-Archive/libauth v0.0.0-20180917063427-d1ca9e94969d h1:xH/U6K+HYxh1480TkQYRqRO8F2RJsg+R6wFiVJzdldg=
github.com/Plan9-Archive/libauth v0.0.0-20180917063427-d1ca9e94969d/go.mod h1:UKp8dv9aeaZoQFWin7eQXtz89iHly1YAFZNn3MCutmQ=
github.com/emersion/go-sasl v0.0.0-20200509203442-7bfe0ed36a21 h1:OJyUGMJTzHTd1XQp98QTaHernxMYzRaOasRir9hUlFQ=
github.com/emersion/go-sasl v0.0.0-20200509203442-7bfe0ed36a21/go.mod h1:iL2twTeMvZnrg54ZoPDNfJaJaqy0xIQFuBdrLsmspwQ=
github.com/fhs/mux9p v0.3.1 h1:x1UswUWZoA9vrA02jfisndCq3xQm+wrQUxUt5N99E08=
github.com/fhs/mux9p v0.3.1/go.mod h1:F4hwdenmit0WDoNVT2VMWlLJrBVCp/8UhzJa7scfjEQ=
